// !$*UTF8*$!
{
	archiveVersion = 1;
	classes = {
	};
	objectVersion = 55;
	objects = {

/* Begin PBXBuildFile section */
		493FBC6027C4598000F0B245 /* AppDelegate.swift in Sources */ = {isa = PBXBuildFile; fileRef = 493FBC5F27C4598000F0B245 /* AppDelegate.swift */; };
		493FBC6227C4598000F0B245 /* SceneDelegate.swift in Sources */ = {isa = PBXBuildFile; fileRef = 493FBC6127C4598000F0B245 /* SceneDelegate.swift */; };
		493FBC6427C4598100F0B245 /* ViewController.swift in Sources */ = {isa = PBXBuildFile; fileRef = 493FBC6327C4598100F0B245 /* ViewController.swift */; };
		493FBC6927C4598100F0B245 /* Assets.xcassets in Resources */ = {isa = PBXBuildFile; fileRef = 493FBC6827C4598100F0B245 /* Assets.xcassets */; };
		493FBC6C27C4598100F0B245 /* LaunchScreen.storyboard in Resources */ = {isa = PBXBuildFile; fileRef = 493FBC6A27C4598100F0B245 /* LaunchScreen.storyboard */; };
		4989CF6D29906A16003CF914 /* ViewModel.swift in Sources */ = {isa = PBXBuildFile; fileRef = 4989CF6C29906A16003CF914 /* ViewModel.swift */; };
		4989CF6F29906AC7003CF914 /* PersonProvider.swift in Sources */ = {isa = PBXBuildFile; fileRef = 4989CF6E29906AC7003CF914 /* PersonProvider.swift */; };
		4989CF7129906B52003CF914 /* Person.swift in Sources */ = {isa = PBXBuildFile; fileRef = 4989CF7029906B52003CF914 /* Person.swift */; };
		4989CF7329906C67003CF914 /* Extensions.swift in Sources */ = {isa = PBXBuildFile; fileRef = 4989CF7229906C67003CF914 /* Extensions.swift */; };
		49E396C7294788FD00A1FA69 /* SnapKit in Frameworks */ = {isa = PBXBuildFile; productRef = 49E396C6294788FD00A1FA69 /* SnapKit */; };
/* End PBXBuildFile section */

/* Begin PBXContainerItemProxy section */
		493FBC7327C4598100F0B245 /* PBXContainerItemProxy */ = {
			isa = PBXContainerItemProxy;
			containerPortal = 493FBC5427C4598000F0B245 /* Project object */;
			proxyType = 1;
			remoteGlobalIDString = 493FBC5B27C4598000F0B245;
			remoteInfo = drodling;
		};
		493FBC7D27C4598100F0B245 /* PBXContainerItemProxy */ = {
			isa = PBXContainerItemProxy;
			containerPortal = 493FBC5427C4598000F0B245 /* Project object */;
			proxyType = 1;
			remoteGlobalIDString = 493FBC5B27C4598000F0B245;
			remoteInfo = drodling;
		};
/* End PBXContainerItemProxy section */

/* Begin PBXFileReference section */
		493FBC5C27C4598000F0B245 /* drodling.app */ = {isa = PBXFileReference; explicitFileType = wrapper.application; includeInIndex = 0; path = drodling.app; sourceTree = BUILT_PRODUCTS_DIR; };
		493FBC5F27C4598000F0B245 /* AppDelegate.swift */ = {isa = PBXFileReference; lastKnownFileType = sourcecode.swift; path = AppDelegate.swift; sourceTree = "<group>"; };
		493FBC6127C4598000F0B245 /* SceneDelegate.swift */ = {isa = PBXFileReference; lastKnownFileType = sourcecode.swift; path = SceneDelegate.swift; sourceTree = "<group>"; };
		493FBC6327C4598100F0B245 /* ViewController.swift */ = {isa = PBXFileReference; lastKnownFileType = sourcecode.swift; path = ViewController.swift; sourceTree = "<group>"; };
		493FBC6827C4598100F0B245 /* Assets.xcassets */ = {isa = PBXFileReference; lastKnownFileType = folder.assetcatalog; path = Assets.xcassets; sourceTree = "<group>"; };
		493FBC6B27C4598100F0B245 /* Base */ = {isa = PBXFileReference; lastKnownFileType = file.storyboard; name = Base; path = Base.lproj/LaunchScreen.storyboard; sourceTree = "<group>"; };
		493FBC6D27C4598100F0B245 /* Info.plist */ = {isa = PBXFileReference; lastKnownFileType = text.plist.xml; path = Info.plist; sourceTree = "<group>"; };
		493FBC7227C4598100F0B245 /* drodlingTests.xctest */ = {isa = PBXFileReference; explicitFileType = wrapper.cfbundle; includeInIndex = 0; path = drodlingTests.xctest; sourceTree = BUILT_PRODUCTS_DIR; };
		493FBC7C27C4598100F0B245 /* drodlingUITests.xctest */ = {isa = PBXFileReference; explicitFileType = wrapper.cfbundle; includeInIndex = 0; path = drodlingUITests.xctest; sourceTree = BUILT_PRODUCTS_DIR; };
		4989CF6C29906A16003CF914 /* ViewModel.swift */ = {isa = PBXFileReference; lastKnownFileType = sourcecode.swift; path = ViewModel.swift; sourceTree = "<group>"; };
		4989CF6E29906AC7003CF914 /* PersonProvider.swift */ = {isa = PBXFileReference; lastKnownFileType = sourcecode.swift; path = PersonProvider.swift; sourceTree = "<group>"; };
		4989CF7029906B52003CF914 /* Person.swift */ = {isa = PBXFileReference; lastKnownFileType = sourcecode.swift; path = Person.swift; sourceTree = "<group>"; };
		4989CF7229906C67003CF914 /* Extensions.swift */ = {isa = PBXFileReference; lastKnownFileType = sourcecode.swift; path = Extensions.swift; sourceTree = "<group>"; };
/* End PBXFileReference section */

/* Begin PBXFrameworksBuildPhase section */
		493FBC5927C4598000F0B245 /* Frameworks */ = {
			isa = PBXFrameworksBuildPhase;
			buildActionMask = 2147483647;
			files = (
				49E396C7294788FD00A1FA69 /* SnapKit in Frameworks */,
			);
			runOnlyForDeploymentPostprocessing = 0;
		};
		493FBC6F27C4598100F0B245 /* Frameworks */ = {
			isa = PBXFrameworksBuildPhase;
			buildActionMask = 2147483647;
			files = (
			);
			runOnlyForDeploymentPostprocessing = 0;
		};
		493FBC7927C4598100F0B245 /* Frameworks */ = {
			isa = PBXFrameworksBuildPhase;
			buildActionMask = 2147483647;
			files = (
			);
			runOnlyForDeploymentPostprocessing = 0;
		};
/* End PBXFrameworksBuildPhase section */

/* Begin PBXGroup section */
		493FBC5327C4598000F0B245 = {
			isa = PBXGroup;
			children = (
				493FBC5E27C4598000F0B245 /* drodling */,
				493FBC5D27C4598000F0B245 /* Products */,
			);
			sourceTree = "<group>";
		};
		493FBC5D27C4598000F0B245 /* Products */ = {
			isa = PBXGroup;
			children = (
				493FBC5C27C4598000F0B245 /* drodling.app */,
				493FBC7227C4598100F0B245 /* drodlingTests.xctest */,
				493FBC7C27C4598100F0B245 /* drodlingUITests.xctest */,
			);
			name = Products;
			sourceTree = "<group>";
		};
		493FBC5E27C4598000F0B245 /* drodling */ = {
			isa = PBXGroup;
			children = (
				493FBC5F27C4598000F0B245 /* AppDelegate.swift */,
				493FBC6127C4598000F0B245 /* SceneDelegate.swift */,
				493FBC6327C4598100F0B245 /* ViewController.swift */,
				4989CF6C29906A16003CF914 /* ViewModel.swift */,
				4989CF6E29906AC7003CF914 /* PersonProvider.swift */,
				4989CF7029906B52003CF914 /* Person.swift */,
				4989CF7229906C67003CF914 /* Extensions.swift */,
				493FBC6827C4598100F0B245 /* Assets.xcassets */,
				493FBC6A27C4598100F0B245 /* LaunchScreen.storyboard */,
				493FBC6D27C4598100F0B245 /* Info.plist */,
			);
			path = drodling;
			sourceTree = "<group>";
		};
/* End PBXGroup section */

/* Begin PBXNativeTarget section */
		493FBC5B27C4598000F0B245 /* drodling */ = {
			isa = PBXNativeTarget;
			buildConfigurationList = 493FBC8627C4598100F0B245 /* Build configuration list for PBXNativeTarget "drodling" */;
			buildPhases = (
				493FBC5827C4598000F0B245 /* Sources */,
				493FBC5927C4598000F0B245 /* Frameworks */,
				493FBC5A27C4598000F0B245 /* Resources */,
			);
			buildRules = (
			);
			dependencies = (
			);
			name = drodling;
			packageProductDependencies = (
				49E396C6294788FD00A1FA69 /* SnapKit */,
			);
			productName = drodling;
			productReference = 493FBC5C27C4598000F0B245 /* drodling.app */;
			productType = "com.apple.product-type.application";
		};
		493FBC7127C4598100F0B245 /* drodlingTests */ = {
			isa = PBXNativeTarget;
			buildConfigurationList = 493FBC8927C4598100F0B245 /* Build configuration list for PBXNativeTarget "drodlingTests" */;
			buildPhases = (
				493FBC6E27C4598100F0B245 /* Sources */,
				493FBC6F27C4598100F0B245 /* Frameworks */,
				493FBC7027C4598100F0B245 /* Resources */,
			);
			buildRules = (
			);
			dependencies = (
				493FBC7427C4598100F0B245 /* PBXTargetDependency */,
			);
			name = drodlingTests;
			productName = drodlingTests;
			productReference = 493FBC7227C4598100F0B245 /* drodlingTests.xctest */;
			productType = "com.apple.product-type.bundle.unit-test";
		};
		493FBC7B27C4598100F0B245 /* drodlingUITests */ = {
			isa = PBXNativeTarget;
			buildConfigurationList = 493FBC8C27C4598100F0B245 /* Build configuration list for PBXNativeTarget "drodlingUITests" */;
			buildPhases = (
				493FBC7827C4598100F0B245 /* Sources */,
				493FBC7927C4598100F0B245 /* Frameworks */,
				493FBC7A27C4598100F0B245 /* Resources */,
			);
			buildRules = (
			);
			dependencies = (
				493FBC7E27C4598100F0B245 /* PBXTargetDependency */,
			);
			name = drodlingUITests;
			productName = drodlingUITests;
			productReference = 493FBC7C27C4598100F0B245 /* drodlingUITests.xctest */;
			productType = "com.apple.product-type.bundle.ui-testing";
		};
/* End PBXNativeTarget section */

/* Begin PBXProject section */
		493FBC5427C4598000F0B245 /* Project object */ = {
			isa = PBXProject;
			attributes = {
				BuildIndependentTargetsInParallel = 1;
				LastSwiftUpdateCheck = 1320;
				LastUpgradeCheck = 1320;
				TargetAttributes = {
					493FBC5B27C4598000F0B245 = {
						CreatedOnToolsVersion = 13.2.1;
					};
					493FBC7127C4598100F0B245 = {
						CreatedOnToolsVersion = 13.2.1;
						TestTargetID = 493FBC5B27C4598000F0B245;
					};
					493FBC7B27C4598100F0B245 = {
						CreatedOnToolsVersion = 13.2.1;
						TestTargetID = 493FBC5B27C4598000F0B245;
					};
				};
			};
			buildConfigurationList = 493FBC5727C4598000F0B245 /* Build configuration list for PBXProject "drodling" */;
			compatibilityVersion = "Xcode 13.0";
			developmentRegion = en;
			hasScannedForEncodings = 0;
			knownRegions = (
				en,
				Base,
			);
			mainGroup = 493FBC5327C4598000F0B245;
			packageReferences = (
				49E396C5294788FD00A1FA69 /* XCRemoteSwiftPackageReference "SnapKit" */,
			);
			productRefGroup = 493FBC5D27C4598000F0B245 /* Products */;
			projectDirPath = "";
			projectRoot = "";
			targets = (
				493FBC5B27C4598000F0B245 /* drodling */,
				493FBC7127C4598100F0B245 /* drodlingTests */,
				493FBC7B27C4598100F0B245 /* drodlingUITests */,
			);
		};
/* End PBXProject section */

/* Begin PBXResourcesBuildPhase section */
		493FBC5A27C4598000F0B245 /* Resources */ = {
			isa = PBXResourcesBuildPhase;
			buildActionMask = 2147483647;
			files = (
				493FBC6C27C4598100F0B245 /* LaunchScreen.storyboard in Resources */,
				493FBC6927C4598100F0B245 /* Assets.xcassets in Resources */,
			);
			runOnlyForDeploymentPostprocessing = 0;
		};
		493FBC7027C4598100F0B245 /* Resources */ = {
			isa = PBXResourcesBuildPhase;
			buildActionMask = 2147483647;
			files = (
			);
			runOnlyForDeploymentPostprocessing = 0;
		};
		493FBC7A27C4598100F0B245 /* Resources */ = {
			isa = PBXResourcesBuildPhase;
			buildActionMask = 2147483647;
			files = (
			);
			runOnlyForDeploymentPostprocessing = 0;
		};
/* End PBXResourcesBuildPhase section */

/* Begin PBXSourcesBuildPhase section */
		493FBC5827C4598000F0B245 /* Sources */ = {
			isa = PBXSourcesBuildPhase;
			buildActionMask = 2147483647;
			files = (
				4989CF7129906B52003CF914 /* Person.swift in Sources */,
				493FBC6427C4598100F0B245 /* ViewController.swift in Sources */,
				493FBC6027C4598000F0B245 /* AppDelegate.swift in Sources */,
				4989CF6D29906A16003CF914 /* ViewModel.swift in Sources */,
				4989CF6F29906AC7003CF914 /* PersonProvider.swift in Sources */,
				493FBC6227C4598000F0B245 /* SceneDelegate.swift in Sources */,
				4989CF7329906C67003CF914 /* Extensions.swift in Sources */,
			);
			runOnlyForDeploymentPostprocessing = 0;
		};
		493FBC6E27C4598100F0B245 /* Sources */ = {
			isa = PBXSourcesBuildPhase;
			buildActionMask = 2147483647;
			files = (
			);
			runOnlyForDeploymentPostprocessing = 0;
		};
		493FBC7827C4598100F0B245 /* Sources */ = {
			isa = PBXSourcesBuildPhase;
			buildActionMask = 2147483647;
			files = (
			);
			runOnlyForDeploymentPostprocessing = 0;
		};
/* End PBXSourcesBuildPhase section */

/* Begin PBXTargetDependency section */
		493FBC7427C4598100F0B245 /* PBXTargetDependency */ = {
			isa = PBXTargetDependency;
			target = 493FBC5B27C4598000F0B245 /* drodling */;
			targetProxy = 493FBC7327C4598100F0B245 /* PBXContainerItemProxy */;
		};
		493FBC7E27C4598100F0B245 /* PBXTargetDependency */ = {
			isa = PBXTargetDependency;
			target = 493FBC5B27C4598000F0B245 /* drodling */;
			targetProxy = 493FBC7D27C4598100F0B245 /* PBXContainerItemProxy */;
		};
/* End PBXTargetDependency section */

/* Begin PBXVariantGroup section */
		493FBC6A27C4598100F0B245 /* LaunchScreen.storyboard */ = {
			isa = PBXVariantGroup;
			children = (
				493FBC6B27C4598100F0B245 /* Base */,
			);
			name = LaunchScreen.storyboard;
			sourceTree = "<group>";
		};
/* End PBXVariantGroup section */

/* Begin XCBuildConfiguration section */
		493FBC8427C4598100F0B245 /* Debug */ = {
			isa = XCBuildConfiguration;
			buildSettings = {
				ALWAYS_SEARCH_USER_PATHS = NO;
				CLANG_ANALYZER_NONNULL = YES;
				CLANG_ANALYZER_NUMBER_OBJECT_CONVERSION = YES_AGGRESSIVE;
				CLANG_CXX_LANGUAGE_STANDARD = "gnu++17";
				CLANG_CXX_LIBRARY = "libc++";
				CLANG_ENABLE_MODULES = YES;
				CLANG_ENABLE_OBJC_ARC = YES;
				CLANG_ENABLE_OBJC_WEAK = YES;
				CLANG_WARN_BLOCK_CAPTURE_AUTORELEASING = YES;
				CLANG_WARN_BOOL_CONVERSION = YES;
				CLANG_WARN_COMMA = YES;
				CLANG_WARN_CONSTANT_CONVERSION = YES;
				CLANG_WARN_DEPRECATED_OBJC_IMPLEMENTATIONS = YES;
				CLANG_WARN_DIRECT_OBJC_ISA_USAGE = YES_ERROR;
				CLANG_WARN_DOCUMENTATION_COMMENTS = YES;
				CLANG_WARN_EMPTY_BODY = YES;
				CLANG_WARN_ENUM_CONVERSION = YES;
				CLANG_WARN_INFINITE_RECURSION = YES;
				CLANG_WARN_INT_CONVERSION = YES;
				CLANG_WARN_NON_LITERAL_NULL_CONVERSION = YES;
				CLANG_WARN_OBJC_IMPLICIT_RETAIN_SELF = YES;
				CLANG_WARN_OBJC_LITERAL_CONVERSION = YES;
				CLANG_WARN_OBJC_ROOT_CLASS = YES_ERROR;
				CLANG_WARN_QUOTED_INCLUDE_IN_FRAMEWORK_HEADER = YES;
				CLANG_WARN_RANGE_LOOP_ANALYSIS = YES;
				CLANG_WARN_STRICT_PROTOTYPES = YES;
				CLANG_WARN_SUSPICIOUS_MOVE = YES;
				CLANG_WARN_UNGUARDED_AVAILABILITY = YES_AGGRESSIVE;
				CLANG_WARN_UNREACHABLE_CODE = YES;
				CLANG_WARN__DUPLICATE_METHOD_MATCH = YES;
				COPY_PHASE_STRIP = NO;
				DEBUG_INFORMATION_FORMAT = dwarf;
				ENABLE_STRICT_OBJC_MSGSEND = YES;
				ENABLE_TESTABILITY = YES;
				GCC_C_LANGUAGE_STANDARD = gnu11;
				GCC_DYNAMIC_NO_PIC = NO;
				GCC_NO_COMMON_BLOCKS = YES;
				GCC_OPTIMIZATION_LEVEL = 0;
				GCC_PREPROCESSOR_DEFINITIONS = (
					"DEBUG=1",
					"$(inherited)",
				);
				GCC_WARN_64_TO_32_BIT_CONVERSION = YES;
				GCC_WARN_ABOUT_RETURN_TYPE = YES_ERROR;
				GCC_WARN_UNDECLARED_SELECTOR = YES;
				GCC_WARN_UNINITIALIZED_AUTOS = YES_AGGRESSIVE;
				GCC_WARN_UNUSED_FUNCTION = YES;
				GCC_WARN_UNUSED_VARIABLE = YES;
				IPHONEOS_DEPLOYMENT_TARGET = 15.2;
				MTL_ENABLE_DEBUG_INFO = INCLUDE_SOURCE;
				MTL_FAST_MATH = YES;
				ONLY_ACTIVE_ARCH = YES;
				SDKROOT = iphoneos;
				SWIFT_ACTIVE_COMPILATION_CONDITIONS = DEBUG;
				SWIFT_OPTIMIZATION_LEVEL = "-Onone";
			};
			name = Debug;
		};
		493FBC8527C4598100F0B245 /* Release */ = {
			isa = XCBuildConfiguration;
			buildSettings = {
				ALWAYS_SEARCH_USER_PATHS = NO;
				CLANG_ANALYZER_NONNULL = YES;
				CLANG_ANALYZER_NUMBER_OBJECT_CONVERSION = YES_AGGRESSIVE;
				CLANG_CXX_LANGUAGE_STANDARD = "gnu++17";
				CLANG_CXX_LIBRARY = "libc++";
				CLANG_ENABLE_MODULES = YES;
				CLANG_ENABLE_OBJC_ARC = YES;
				CLANG_ENABLE_OBJC_WEAK = YES;
				CLANG_WARN_BLOCK_CAPTURE_AUTORELEASING = YES;
				CLANG_WARN_BOOL_CONVERSION = YES;
				CLANG_WARN_COMMA = YES;
				CLANG_WARN_CONSTANT_CONVERSION = YES;
				CLANG_WARN_DEPRECATED_OBJC_IMPLEMENTATIONS = YES;
				CLANG_WARN_DIRECT_OBJC_ISA_USAGE = YES_ERROR;
				CLANG_WARN_DOCUMENTATION_COMMENTS = YES;
				CLANG_WARN_EMPTY_BODY = YES;
				CLANG_WARN_ENUM_CONVERSION = YES;
				CLANG_WARN_INFINITE_RECURSION = YES;
				CLANG_WARN_INT_CONVERSION = YES;
				CLANG_WARN_NON_LITERAL_NULL_CONVERSION = YES;
				CLANG_WARN_OBJC_IMPLICIT_RETAIN_SELF = YES;
				CLANG_WARN_OBJC_LITERAL_CONVERSION = YES;
				CLANG_WARN_OBJC_ROOT_CLASS = YES_ERROR;
				CLANG_WARN_QUOTED_INCLUDE_IN_FRAMEWORK_HEADER = YES;
				CLANG_WARN_RANGE_LOOP_ANALYSIS = YES;
				CLANG_WARN_STRICT_PROTOTYPES = YES;
				CLANG_WARN_SUSPICIOUS_MOVE = YES;
				CLANG_WARN_UNGUARDED_AVAILABILITY = YES_AGGRESSIVE;
				CLANG_WARN_UNREACHABLE_CODE = YES;
				CLANG_WARN__DUPLICATE_METHOD_MATCH = YES;
				COPY_PHASE_STRIP = NO;
				DEBUG_INFORMATION_FORMAT = "dwarf-with-dsym";
				ENABLE_NS_ASSERTIONS = NO;
				ENABLE_STRICT_OBJC_MSGSEND = YES;
				GCC_C_LANGUAGE_STANDARD = gnu11;
				GCC_NO_COMMON_BLOCKS = YES;
				GCC_WARN_64_TO_32_BIT_CONVERSION = YES;
				GCC_WARN_ABOUT_RETURN_TYPE = YES_ERROR;
				GCC_WARN_UNDECLARED_SELECTOR = YES;
				GCC_WARN_UNINITIALIZED_AUTOS = YES_AGGRESSIVE;
				GCC_WARN_UNUSED_FUNCTION = YES;
				GCC_WARN_UNUSED_VARIABLE = YES;
				IPHONEOS_DEPLOYMENT_TARGET = 15.2;
				MTL_ENABLE_DEBUG_INFO = NO;
				MTL_FAST_MATH = YES;
				SDKROOT = iphoneos;
				SWIFT_COMPILATION_MODE = wholemodule;
				SWIFT_OPTIMIZATION_LEVEL = "-O";
				VALIDATE_PRODUCT = YES;
			};
			name = Release;
		};
		493FBC8727C4598100F0B245 /* Debug */ = {
			isa = XCBuildConfiguration;
			buildSettings = {
				ASSETCATALOG_COMPILER_APPICON_NAME = AppIcon;
				ASSETCATALOG_COMPILER_GLOBAL_ACCENT_COLOR_NAME = AccentColor;
				CODE_SIGN_STYLE = Automatic;
				CURRENT_PROJECT_VERSION = 1;
				DEVELOPMENT_TEAM = BKHY6HJMG8;
				GENERATE_INFOPLIST_FILE = YES;
				INFOPLIST_FILE = drodling/Info.plist;
				INFOPLIST_KEY_UIApplicationSupportsIndirectInputEvents = YES;
				INFOPLIST_KEY_UILaunchStoryboardName = LaunchScreen;
				INFOPLIST_KEY_UISupportedInterfaceOrientations_iPad = "UIInterfaceOrientationPortrait UIInterfaceOrientationPortraitUpsideDown UIInterfaceOrientationLandscapeLeft UIInterfaceOrientationLandscapeRight";
				INFOPLIST_KEY_UISupportedInterfaceOrientations_iPhone = "UIInterfaceOrientationPortrait UIInterfaceOrientationLandscapeLeft UIInterfaceOrientationLandscapeRight";
				IPHONEOS_DEPLOYMENT_TARGET = 15.0;
				LD_RUNPATH_SEARCH_PATHS = (
					"$(inherited)",
					"@executable_path/Frameworks",
				);
				MARKETING_VERSION = 1.0;
				PRODUCT_BUNDLE_IDENTIFIER = no.jorgenfar.drodling.drodling;
				PRODUCT_NAME = "$(TARGET_NAME)";
				SWIFT_EMIT_LOC_STRINGS = YES;
				SWIFT_VERSION = 5.0;
				TARGETED_DEVICE_FAMILY = "1,2";
			};
			name = Debug;
		};
		493FBC8827C4598100F0B245 /* Release */ = {
			isa = XCBuildConfiguration;
			buildSettings = {
				ASSETCATALOG_COMPILER_APPICON_NAME = AppIcon;
				ASSETCATALOG_COMPILER_GLOBAL_ACCENT_COLOR_NAME = AccentColor;
				CODE_SIGN_STYLE = Automatic;
				CURRENT_PROJECT_VERSION = 1;
				DEVELOPMENT_TEAM = BKHY6HJMG8;
				GENERATE_INFOPLIST_FILE = YES;
				INFOPLIST_FILE = drodling/Info.plist;
				INFOPLIST_KEY_UIApplicationSupportsIndirectInputEvents = YES;
				INFOPLIST_KEY_UILaunchStoryboardName = LaunchScreen;
				INFOPLIST_KEY_UISupportedInterfaceOrientations_iPad = "UIInterfaceOrientationPortrait UIInterfaceOrientationPortraitUpsideDown UIInterfaceOrientationLandscapeLeft UIInterfaceOrientationLandscapeRight";
				INFOPLIST_KEY_UISupportedInterfaceOrientations_iPhone = "UIInterfaceOrientationPortrait UIInterfaceOrientationLandscapeLeft UIInterfaceOrientationLandscapeRight";
				IPHONEOS_DEPLOYMENT_TARGET = 15.0;
				LD_RUNPATH_SEARCH_PATHS = (
					"$(inherited)",
					"@executable_path/Frameworks",
				);
				MARKETING_VERSION = 1.0;
				PRODUCT_BUNDLE_IDENTIFIER = no.jorgenfar.drodling.drodling;
				PRODUCT_NAME = "$(TARGET_NAME)";
				SWIFT_EMIT_LOC_STRINGS = YES;
				SWIFT_VERSION = 5.0;
				TARGETED_DEVICE_FAMILY = "1,2";
			};
			name = Release;
		};
		493FBC8A27C4598100F0B245 /* Debug */ = {
			isa = XCBuildConfiguration;
			buildSettings = {
				ALWAYS_EMBED_SWIFT_STANDARD_LIBRARIES = YES;
				BUNDLE_LOADER = "$(TEST_HOST)";
				CODE_SIGN_STYLE = Automatic;
				CURRENT_PROJECT_VERSION = 1;
				DEVELOPMENT_TEAM = 97U3N66TBS;
				GENERATE_INFOPLIST_FILE = YES;
				IPHONEOS_DEPLOYMENT_TARGET = 15.2;
				MARKETING_VERSION = 1.0;
				PRODUCT_BUNDLE_IDENTIFIER = no.jorgenfar.drodling.drodlingTests;
				PRODUCT_NAME = "$(TARGET_NAME)";
				SWIFT_EMIT_LOC_STRINGS = NO;
				SWIFT_VERSION = 5.0;
				TARGETED_DEVICE_FAMILY = "1,2";
				TEST_HOST = "$(BUILT_PRODUCTS_DIR)/drodling.app/drodling";
			};
			name = Debug;
		};
		493FBC8B27C4598100F0B245 /* Release */ = {
			isa = XCBuildConfiguration;
			buildSettings = {
				ALWAYS_EMBED_SWIFT_STANDARD_LIBRARIES = YES;
				BUNDLE_LOADER = "$(TEST_HOST)";
				CODE_SIGN_STYLE = Automatic;
				CURRENT_PROJECT_VERSION = 1;
				DEVELOPMENT_TEAM = 97U3N66TBS;
				GENERATE_INFOPLIST_FILE = YES;
				IPHONEOS_DEPLOYMENT_TARGET = 15.2;
				MARKETING_VERSION = 1.0;
				PRODUCT_BUNDLE_IDENTIFIER = no.jorgenfar.drodling.drodlingTests;
				PRODUCT_NAME = "$(TARGET_NAME)";
				SWIFT_EMIT_LOC_STRINGS = NO;
				SWIFT_VERSION = 5.0;
				TARGETED_DEVICE_FAMILY = "1,2";
				TEST_HOST = "$(BUILT_PRODUCTS_DIR)/drodling.app/drodling";
			};
			name = Release;
		};
		493FBC8D27C4598100F0B245 /* Debug */ = {
			isa = XCBuildConfiguration;
			buildSettings = {
				ALWAYS_EMBED_SWIFT_STANDARD_LIBRARIES = YES;
				CODE_SIGN_STYLE = Automatic;
				CURRENT_PROJECT_VERSION = 1;
				DEVELOPMENT_TEAM = 97U3N66TBS;
				GENERATE_INFOPLIST_FILE = YES;
				MARKETING_VERSION = 1.0;
				PRODUCT_BUNDLE_IDENTIFIER = no.jorgenfar.drodling.drodlingUITests;
				PRODUCT_NAME = "$(TARGET_NAME)";
				SWIFT_EMIT_LOC_STRINGS = NO;
				SWIFT_VERSION = 5.0;
				TARGETED_DEVICE_FAMILY = "1,2";
				TEST_TARGET_NAME = drodling;
			};
			name = Debug;
		};
		493FBC8E27C4598100F0B245 /* Release */ = {
			isa = XCBuildConfiguration;
			buildSettings = {
				ALWAYS_EMBED_SWIFT_STANDARD_LIBRARIES = YES;
				CODE_SIGN_STYLE = Automatic;
				CURRENT_PROJECT_VERSION = 1;
				DEVELOPMENT_TEAM = 97U3N66TBS;
				GENERATE_INFOPLIST_FILE = YES;
				MARKETING_VERSION = 1.0;
				PRODUCT_BUNDLE_IDENTIFIER = no.jorgenfar.drodling.drodlingUITests;
				PRODUCT_NAME = "$(TARGET_NAME)";
				SWIFT_EMIT_LOC_STRINGS = NO;
				SWIFT_VERSION = 5.0;
				TARGETED_DEVICE_FAMILY = "1,2";
				TEST_TARGET_NAME = drodling;
			};
			name = Release;
		};
/* End XCBuildConfiguration section */

/* Begin XCConfigurationList section */
		493FBC5727C4598000F0B245 /* Build configuration list for PBXProject "drodling" */ = {
			isa = XCConfigurationList;
			buildConfigurations = (
				493FBC8427C4598100F0B245 /* Debug */,
				493FBC8527C4598100F0B245 /* Release */,
			);
			defaultConfigurationIsVisible = 0;
			defaultConfigurationName = Release;
		};
		493FBC8627C4598100F0B245 /* Build configuration list for PBXNativeTarget "drodling" */ = {
			isa = XCConfigurationList;
			buildConfigurations = (
				493FBC8727C4598100F0B245 /* Debug */,
				493FBC8827C4598100F0B245 /* Release */,
			);
			defaultConfigurationIsVisible = 0;
			defaultConfigurationName = Release;
		};
		493FBC8927C4598100F0B245 /* Build configuration list for PBXNativeTarget "drodlingTests" */ = {
			isa = XCConfigurationList;
			buildConfigurations = (
				493FBC8A27C4598100F0B245 /* Debug */,
				493FBC8B27C4598100F0B245 /* Release */,
			);
			defaultConfigurationIsVisible = 0;
			defaultConfigurationName = Release;
		};
		493FBC8C27C4598100F0B245 /* Build configuration list for PBXNativeTarget "drodlingUITests" */ = {
			isa = XCConfigurationList;
			buildConfigurations = (
				493FBC8D27C4598100F0B245 /* Debug */,
				493FBC8E27C4598100F0B245 /* Release */,
			);
			defaultConfigurationIsVisible = 0;
			defaultConfigurationName = Release;
		};
/* End XCConfigurationList section */

/* Begin XCRemoteSwiftPackageReference section */
		49E396C5294788FD00A1FA69 /* XCRemoteSwiftPackageReference "SnapKit" */ = {
			isa = XCRemoteSwiftPackageReference;
			repositoryURL = "https://github.com/SnapKit/SnapKit.git";
			requirement = {
				kind = upToNextMinorVersion;
				minimumVersion = 5.6.0;
			};
		};
/* End XCRemoteSwiftPackageReference section */

/* Begin XCSwiftPackageProductDependency section */
		49E396C6294788FD00A1FA69 /* SnapKit */ = {
			isa = XCSwiftPackageProductDependency;
			package = 49E396C5294788FD00A1FA69 /* XCRemoteSwiftPackageReference "SnapKit" */;
			productName = SnapKit;
		};
/* End XCSwiftPackageProductDependency section */
	};
	rootObject = 493FBC5427C4598000F0B245 /* Project object */;
}
